{
  "name": "simple-bruno-demo",
  "version": "1.0.0",
  "lockfileVersion": 3,
  "requires": true,
  "packages": {
    "": {
      "name": "simple-bruno-demo",
      "version": "1.0.0",
      "license": "MIT",
      "dependencies": {
        "@js-joda/core": "^5.6.2",
        "js-joda": "^1.11.0"
      }
    },
    "node_modules/@js-joda/core": {
      "version": "5.6.2",
      "resolved": "https://registry.npmjs.org/@js-joda/core/-/core-5.6.2.tgz",
      "integrity": "sha512-ow4R+7C24xeTjiMTTZ4k6lvxj7MRBqvqLCQjThQff3RjOmIMokMP20LNYVFhGafJtUx/Xo2Qp4qU8eNoTVH0SA=="
    },
    "node_modules/js-joda": {
      "version": "1.11.0",
      "resolved": "https://registry.npmjs.org/js-joda/-/js-joda-1.11.0.tgz",
      "integrity": "sha512-/HJpRhwP2fPyuSsCaZuoVJuaSIt8tUXykV4wOMRXrFk7RP9h9VWaFdS9YHKdMepxb/3TdXpL6IhfC9L0sqYVBw==",
      "deprecated": "This package is deprecated, please check/use @js-joda/core instead"
    }
  }
}
